
Microsoft Visual Studio Solution File, Format Version 12.00
# Visual Studio Version 17
VisualStudioVersion = 17.0.31903.59
MinimumVisualStudioVersion = 10.0.40219.1
Project("{2150E333-8FDC-42A3-9474-1A3956D46DE8}") = "src", "src", "{8899F343-3847-420F-A89E-B38CC25129C6}"
EndProject
Project("{FAE04EC0-301F-11D3-BF4B-00C04F79EFBC}") = "BinancePnl", "src\BinancePnl\BinancePnl.csproj", "{FB5A8C07-B964-4F8C-8BC5-549ED11D928E}"
EndProject
Project("{2150E333-8FDC-42A3-9474-1A3956D46DE8}") = "test", "test", "{8DE59688-9B6B-47C6-B5D0-4AEC8C3FC137}"
EndProject
Project("{FAE04EC0-301F-11D3-BF4B-00C04F79EFBC}") = "BinancePnl_Tests", "test\BinancePnl_Tests\BinancePnl_Tests.csproj", "{CDCA8838-2088-44F7-80D2-7B95F7A7C113}"
EndProject
Global
	GlobalSection(SolutionConfigurationPlatforms) = preSolution
		Debug|Any CPU = Debug|Any CPU
		Release|Any CPU = Release|Any CPU
	EndGlobalSection
	GlobalSection(SolutionProperties) = preSolution
		HideSolutionNode = FALSE
	EndGlobalSection
	GlobalSection(ProjectConfigurationPlatforms) = postSolution
		{FB5A8C07-B964-4F8C-8BC5-549ED11D928E}.Debug|Any CPU.ActiveCfg = Debug|Any CPU
		{FB5A8C07-B964-4F8C-8BC5-549ED11D928E}.Debug|Any CPU.Build.0 = Debug|Any CPU
		{FB5A8C07-B964-4F8C-8BC5-549ED11D928E}.Release|Any CPU.ActiveCfg = Release|Any CPU
		{FB5A8C07-B964-4F8C-8BC5-549ED11D928E}.Release|Any CPU.Build.0 = Release|Any CPU
		{CDCA8838-2088-44F7-80D2-7B95F7A7C113}.Debug|Any CPU.ActiveCfg = Debug|Any CPU
		{CDCA8838-2088-44F7-80D2-7B95F7A7C113}.Debug|Any CPU.Build.0 = Debug|Any CPU
		{CDCA8838-2088-44F7-80D2-7B95F7A7C113}.Release|Any CPU.ActiveCfg = Release|Any CPU
		{CDCA8838-2088-44F7-80D2-7B95F7A7C113}.Release|Any CPU.Build.0 = Release|Any CPU
	EndGlobalSection
	GlobalSection(NestedProjects) = preSolution
		{FB5A8C07-B964-4F8C-8BC5-549ED11D928E} = {8899F343-3847-420F-A89E-B38CC25129C6}
		{CDCA8838-2088-44F7-80D2-7B95F7A7C113} = {8DE59688-9B6B-47C6-B5D0-4AEC8C3FC137}
	EndGlobalSection
EndGlobal
